// !$*UTF8*$!
{
	archiveVersion = 1;
	classes = {
	};
	objectVersion = 46;
	objects = {

/* Begin PBXBuildFile section */
		A32E41BA1A1523560007E13F /* AppDelegate.swift in Sources */ = {isa = PBXBuildFile; fileRef = A32E41B91A1523560007E13F /* AppDelegate.swift */; };
		A32E41BC1A1523560007E13F /* ViewController.swift in Sources */ = {isa = PBXBuildFile; fileRef = A32E41BB1A1523560007E13F /* ViewController.swift */; };
		A32E41BF1A1523560007E13F /* Main.storyboard in Resources */ = {isa = PBXBuildFile; fileRef = A32E41BD1A1523560007E13F /* Main.storyboard */; };
		A32E41C11A1523560007E13F /* Images.xcassets in Resources */ = {isa = PBXBuildFile; fileRef = A32E41C01A1523560007E13F /* Images.xcassets */; };
		A32E41C41A1523560007E13F /* LaunchScreen.xib in Resources */ = {isa = PBXBuildFile; fileRef = A32E41C21A1523560007E13F /* LaunchScreen.xib */; };
		A32E41D01A1523560007E13F /* howOldIsMyDogTests.swift in Sources */ = {isa = PBXBuildFile; fileRef = A32E41CF1A1523560007E13F /* howOldIsMyDogTests.swift */; };
		A32E41DA1A1524160007E13F /* AgeOfLaika.jpg in Resources */ = {isa = PBXBuildFile; fileRef = A32E41D91A1524160007E13F /* AgeOfLaika.jpg */; };
/* End PBXBuildFile section */

/* Begin PBXContainerItemProxy section */
		A32E41CA1A1523560007E13F /* PBXContainerItemProxy */ = {
			isa = PBXContainerItemProxy;
			containerPortal = A32E41AC1A1523560007E13F /* Project object */;
			proxyType = 1;
			remoteGlobalIDString = A32E41B31A1523560007E13F;
			remoteInfo = howOldIsMyDog;
		};
/* End PBXContainerItemProxy section */

/* Begin PBXFileReference section */
		A32E41B41A1523560007E13F /* howOldIsMyDog.app */ = {isa = PBXFileReference; explicitFileType = wrapper.application; includeInIndex = 0; path = howOldIsMyDog.app; sourceTree = BUILT_PRODUCTS_DIR; };
		A32E41B81A1523560007E13F /* Info.plist */ = {isa = PBXFileReference; lastKnownFileType = text.plist.xml; path = Info.plist; sourceTree = "<group>"; };
		A32E41B91A1523560007E13F /* AppDelegate.swift */ = {isa = PBXFileReference; lastKnownFileType = sourcecode.swift; path = AppDelegate.swift; sourceTree = "<group>"; };
		A32E41BB1A1523560007E13F /* ViewController.swift */ = {isa = PBXFileReference; lastKnownFileType = sourcecode.swift; path = ViewController.swift; sourceTree = "<group>"; };
		A32E41BE1A1523560007E13F /* Base */ = {isa = PBXFileReference; lastKnownFileType = file.storyboard; name = Base; path = Base.lproj/Main.storyboard; sourceTree = "<group>"; };
		A32E41C01A1523560007E13F /* Images.xcassets */ = {isa = PBXFileReference; lastKnownFileType = folder.assetcatalog; path = Images.xcassets; sourceTree = "<group>"; };
		A32E41C31A1523560007E13F /* Base */ = {isa = PBXFileReference; lastKnownFileType = file.xib; name = Base; path = Base.lproj/LaunchScreen.xib; sourceTree = "<group>"; };
		A32E41C91A1523560007E13F /* howOldIsMyDogTests.xctest */ = {isa = PBXFileReference; explicitFileType = wrapper.cfbundle; includeInIndex = 0; path = howOldIsMyDogTests.xctest; sourceTree = BUILT_PRODUCTS_DIR; };
		A32E41CE1A1523560007E13F /* Info.plist */ = {isa = PBXFileReference; lastKnownFileType = text.plist.xml; path = Info.plist; sourceTree = "<group>"; };
		A32E41CF1A1523560007E13F /* howOldIsMyDogTests.swift */ = {isa = PBXFileReference; lastKnownFileType = sourcecode.swift; path = howOldIsMyDogTests.swift; sourceTree = "<group>"; };
		A32E41D91A1524160007E13F /* AgeOfLaika.jpg */ = {isa = PBXFileReference; lastKnownFileType = image.jpeg; path = AgeOfLaika.jpg; sourceTree = "<group>"; };
/* End PBXFileReference section */

/* Begin PBXFrameworksBuildPhase section */
		A32E41B11A1523560007E13F /* Frameworks */ = {
			isa = PBXFrameworksBuildPhase;
			buildActionMask = 2147483647;
			files = (
			);
			runOnlyForDeploymentPostprocessing = 0;
		};
		A32E41C61A1523560007E13F /* Frameworks */ = {
			isa = PBXFrameworksBuildPhase;
			buildActionMask = 2147483647;
			files = (
			);
			runOnlyForDeploymentPostprocessing = 0;
		};
/* End PBXFrameworksBuildPhase section */

/* Begin PBXGroup section */
		A32E41AB1A1523560007E13F = {
			isa = PBXGroup;
			children = (
				A32E41B61A1523560007E13F /* howOldIsMyDog */,
				A32E41CC1A1523560007E13F /* howOldIsMyDogTests */,
				A32E41B51A1523560007E13F /* Products */,
			);
			sourceTree = "<group>";
		};
		A32E41B51A1523560007E13F /* Products */ = {
			isa = PBXGroup;
			children = (
				A32E41B41A1523560007E13F /* howOldIsMyDog.app */,
				A32E41C91A1523560007E13F /* howOldIsMyDogTests.xctest */,
			);
			name = Products;
			sourceTree = "<group>";
		};
		A32E41B61A1523560007E13F /* howOldIsMyDog */ = {
			isa = PBXGroup;
			children = (
				A32E41B91A1523560007E13F /* AppDelegate.swift */,
				A32E41BB1A1523560007E13F /* ViewController.swift */,
				A32E41BD1A1523560007E13F /* Main.storyboard */,
				A32E41C01A1523560007E13F /* Images.xcassets */,
				A32E41C21A1523560007E13F /* LaunchScreen.xib */,
				A32E41B71A1523560007E13F /* Supporting Files */,
			);
			path = howOldIsMyDog;
			sourceTree = "<group>";
		};
		A32E41B71A1523560007E13F /* Supporting Files */ = {
			isa = PBXGroup;
			children = (
				A32E41D91A1524160007E13F /* AgeOfLaika.jpg */,
				A32E41B81A1523560007E13F /* Info.plist */,
			);
			name = "Supporting Files";
			sourceTree = "<group>";
		};
		A32E41CC1A1523560007E13F /* howOldIsMyDogTests */ = {
			isa = PBXGroup;
			children = (
				A32E41CF1A1523560007E13F /* howOldIsMyDogTests.swift */,
				A32E41CD1A1523560007E13F /* Supporting Files */,
			);
			path = howOldIsMyDogTests;
			sourceTree = "<group>";
		};
		A32E41CD1A1523560007E13F /* Supporting Files */ = {
			isa = PBXGroup;
			children = (
				A32E41CE1A1523560007E13F /* Info.plist */,
			);
			name = "Supporting Files";
			sourceTree = "<group>";
		};
/* End PBXGroup section */

/* Begin PBXNativeTarget section */
		A32E41B31A1523560007E13F /* howOldIsMyDog */ = {
			isa = PBXNativeTarget;
			buildConfigurationList = A32E41D31A1523560007E13F /* Build configuration list for PBXNativeTarget "howOldIsMyDog" */;
			buildPhases = (
				A32E41B01A1523560007E13F /* Sources */,
				A32E41B11A1523560007E13F /* Frameworks */,
				A32E41B21A1523560007E13F /* Resources */,
			);
			buildRules = (
			);
			dependencies = (
			);
			name = howOldIsMyDog;
			productName = howOldIsMyDog;
			productReference = A32E41B41A1523560007E13F /* howOldIsMyDog.app */;
			productType = "com.apple.product-type.application";
		};
		A32E41C81A1523560007E13F /* howOldIsMyDogTests */ = {
			isa = PBXNativeTarget;
			buildConfigurationList = A32E41D61A1523560007E13F /* Build configuration list for PBXNativeTarget "howOldIsMyDogTests" */;
			buildPhases = (
				A32E41C51A1523560007E13F /* Sources */,
				A32E41C61A1523560007E13F /* Frameworks */,
				A32E41C71A1523560007E13F /* Resources */,
			);
			buildRules = (
			);
			dependencies = (
				A32E41CB1A1523560007E13F /* PBXTargetDependency */,
			);
			name = howOldIsMyDogTests;
			productName = howOldIsMyDogTests;
			productReference = A32E41C91A1523560007E13F /* howOldIsMyDogTests.xctest */;
			productType = "com.apple.product-type.bundle.unit-test";
		};
/* End PBXNativeTarget section */

/* Begin PBXProject section */
		A32E41AC1A1523560007E13F /* Project object */ = {
			isa = PBXProject;
			attributes = {
				LastUpgradeCheck = 0610;
				ORGANIZATIONNAME = urbanshed;
				TargetAttributes = {
					A32E41B31A1523560007E13F = {
						CreatedOnToolsVersion = 6.1;
					};
					A32E41C81A1523560007E13F = {
						CreatedOnToolsVersion = 6.1;
						TestTargetID = A32E41B31A1523560007E13F;
					};
				};
			};
			buildConfigurationList = A32E41AF1A1523560007E13F /* Build configuration list for PBXProject "howOldIsMyDog" */;
			compatibilityVersion = "Xcode 3.2";
			developmentRegion = English;
			hasScannedForEncodings = 0;
			knownRegions = (
				en,
				Base,
			);
			mainGroup = A32E41AB1A1523560007E13F;
			productRefGroup = A32E41B51A1523560007E13F /* Products */;
			projectDirPath = "";
			projectRoot = "";
			targets = (
				A32E41B31A1523560007E13F /* howOldIsMyDog */,
				A32E41C81A1523560007E13F /* howOldIsMyDogTests */,
			);
		};
/* End PBXProject section */

/* Begin PBXResourcesBuildPhase section */
		A32E41B21A1523560007E13F /* Resources */ = {
			isa = PBXResourcesBuildPhase;
			buildActionMask = 2147483647;
			files = (
				A32E41BF1A1523560007E13F /* Main.storyboard in Resources */,
				A32E41DA1A1524160007E13F /* AgeOfLaika.jpg in Resources */,
				A32E41C41A1523560007E13F /* LaunchScreen.xib in Resources */,
				A32E41C11A1523560007E13F /* Images.xcassets in Resources */,
			);
			runOnlyForDeploymentPostprocessing = 0;
		};
		A32E41C71A1523560007E13F /* Resources */ = {
			isa = PBXResourcesBuildPhase;
			buildActionMask = 2147483647;
			files = (
			);
			runOnlyForDeploymentPostprocessing = 0;
		};
/* End PBXResourcesBuildPhase section */

/* Begin PBXSourcesBuildPhase section */
		A32E41B01A1523560007E13F /* Sources */ = {
			isa = PBXSourcesBuildPhase;
			buildActionMask = 2147483647;
			files = (
				A32E41BC1A1523560007E13F /* ViewController.swift in Sources */,
				A32E41BA1A1523560007E13F /* AppDelegate.swift in Sources */,
			);
			runOnlyForDeploymentPostprocessing = 0;
		};
		A32E41C51A1523560007E13F /* Sources */ = {
			isa = PBXSourcesBuildPhase;
			buildActionMask = 2147483647;
			files = (
				A32E41D01A1523560007E13F /* howOldIsMyDogTests.swift in Sources */,
			);
			runOnlyForDeploymentPostprocessing = 0;
		};
/* End PBXSourcesBuildPhase section */

/* Begin PBXTargetDependency section */
		A32E41CB1A1523560007E13F /* PBXTargetDependency */ = {
			isa = PBXTargetDependency;
			target = A32E41B31A1523560007E13F /* howOldIsMyDog */;
			targetProxy = A32E41CA1A1523560007E13F /* PBXContainerItemProxy */;
		};
/* End PBXTargetDependency section */

/* Begin PBXVariantGroup section */
		A32E41BD1A1523560007E13F /* Main.storyboard */ = {
			isa = PBXVariantGroup;
			children = (
				A32E41BE1A1523560007E13F /* Base */,
			);
			name = Main.storyboard;
			sourceTree = "<group>";
		};
		A32E41C21A1523560007E13F /* LaunchScreen.xib */ = {
			isa = PBXVariantGroup;
			children = (
				A32E41C31A1523560007E13F /* Base */,
			);
			name = LaunchScreen.xib;
			sourceTree = "<group>";
		};
/* End PBXVariantGroup section */

/* Begin XCBuildConfiguration section */
		A32E41D11A1523560007E13F /* Debug */ = {
			isa = XCBuildConfiguration;
			buildSettings = {
				ALWAYS_SEARCH_USER_PATHS = NO;
				CLANG_CXX_LANGUAGE_STANDARD = "gnu++0x";
				CLANG_CXX_LIBRARY = "libc++";
				CLANG_ENABLE_MODULES = YES;
				CLANG_ENABLE_OBJC_ARC = YES;
				CLANG_WARN_BOOL_CONVERSION = YES;
				CLANG_WARN_CONSTANT_CONVERSION = YES;
				CLANG_WARN_DIRECT_OBJC_ISA_USAGE = YES_ERROR;
				CLANG_WARN_EMPTY_BODY = YES;
				CLANG_WARN_ENUM_CONVERSION = YES;
				CLANG_WARN_INT_CONVERSION = YES;
				CLANG_WARN_OBJC_ROOT_CLASS = YES_ERROR;
				CLANG_WARN_UNREACHABLE_CODE = YES;
				CLANG_WARN__DUPLICATE_METHOD_MATCH = YES;
				"CODE_SIGN_IDENTITY[sdk=iphoneos*]" = "iPhone Developer";
				COPY_PHASE_STRIP = NO;
				ENABLE_STRICT_OBJC_MSGSEND = YES;
				GCC_C_LANGUAGE_STANDARD = gnu99;
				GCC_DYNAMIC_NO_PIC = NO;
				GCC_OPTIMIZATION_LEVEL = 0;
				GCC_PREPROCESSOR_DEFINITIONS = (
					"DEBUG=1",
					"$(inherited)",
				);
				GCC_SYMBOLS_PRIVATE_EXTERN = NO;
				GCC_WARN_64_TO_32_BIT_CONVERSION = YES;
				GCC_WARN_ABOUT_RETURN_TYPE = YES_ERROR;
				GCC_WARN_UNDECLARED_SELECTOR = YES;
				GCC_WARN_UNINITIALIZED_AUTOS = YES_AGGRESSIVE;
				GCC_WARN_UNUSED_FUNCTION = YES;
				GCC_WARN_UNUSED_VARIABLE = YES;
				IPHONEOS_DEPLOYMENT_TARGET = 8.1;
				MTL_ENABLE_DEBUG_INFO = YES;
				ONLY_ACTIVE_ARCH = YES;
				SDKROOT = iphoneos;
				SWIFT_OPTIMIZATION_LEVEL = "-Onone";
				TARGETED_DEVICE_FAMILY = "1,2";
			};
			name = Debug;
		};
		A32E41D21A1523560007E13F /* Release */ = {
			isa = XCBuildConfiguration;
			buildSettings = {
				ALWAYS_SEARCH_USER_PATHS = NO;
				CLANG_CXX_LANGUAGE_STANDARD = "gnu++0x";
				CLANG_CXX_LIBRARY = "libc++";
				CLANG_ENABLE_MODULES = YES;
				CLANG_ENABLE_OBJC_ARC = YES;
				CLANG_WARN_BOOL_CONVERSION = YES;
				CLANG_WARN_CONSTANT_CONVERSION = YES;
				CLANG_WARN_DIRECT_OBJC_ISA_USAGE = YES_ERROR;
				CLANG_WARN_EMPTY_BODY = YES;
				CLANG_WARN_ENUM_CONVERSION = YES;
				CLANG_WARN_INT_CONVERSION = YES;
				CLANG_WARN_OBJC_ROOT_CLASS = YES_ERROR;
				CLANG_WARN_UNREACHABLE_CODE = YES;
				CLANG_WARN__DUPLICATE_METHOD_MATCH = YES;
				"CODE_SIGN_IDENTITY[sdk=iphoneos*]" = "iPhone Developer";
				COPY_PHASE_STRIP = YES;
				ENABLE_NS_ASSERTIONS = NO;
				ENABLE_STRICT_OBJC_MSGSEND = YES;
				GCC_C_LANGUAGE_STANDARD = gnu99;
				GCC_WARN_64_TO_32_BIT_CONVERSION = YES;
				GCC_WARN_ABOUT_RETURN_TYPE = YES_ERROR;
				GCC_WARN_UNDECLARED_SELECTOR = YES;
				GCC_WARN_UNINITIALIZED_AUTOS = YES_AGGRESSIVE;
				GCC_WARN_UNUSED_FUNCTION = YES;
				GCC_WARN_UNUSED_VARIABLE = YES;
				IPHONEOS_DEPLOYMENT_TARGET = 8.1;
				MTL_ENABLE_DEBUG_INFO = NO;
				SDKROOT = iphoneos;
				TARGETED_DEVICE_FAMILY = "1,2";
				VALIDATE_PRODUCT = YES;
			};
			name = Release;
		};
		A32E41D41A1523560007E13F /* Debug */ = {
			isa = XCBuildConfiguration;
			buildSettings = {
				ASSETCATALOG_COMPILER_APPICON_NAME = AppIcon;
				INFOPLIST_FILE = howOldIsMyDog/Info.plist;
				LD_RUNPATH_SEARCH_PATHS = "$(inherited) @executable_path/Frameworks";
				PRODUCT_NAME = "$(TARGET_NAME)";
			};
			name = Debug;
		};
		A32E41D51A1523560007E13F /* Release */ = {
			isa = XCBuildConfiguration;
			buildSettings = {
				ASSETCATALOG_COMPILER_APPICON_NAME = AppIcon;
				INFOPLIST_FILE = howOldIsMyDog/Info.plist;
				LD_RUNPATH_SEARCH_PATHS = "$(inherited) @executable_path/Frameworks";
				PRODUCT_NAME = "$(TARGET_NAME)";
			};
			name = Release;
		};
		A32E41D71A1523560007E13F /* Debug */ = {
			isa = XCBuildConfiguration;
			buildSettings = {
				BUNDLE_LOADER = "$(TEST_HOST)";
				FRAMEWORK_SEARCH_PATHS = (
					"$(SDKROOT)/Developer/Library/Frameworks",
					"$(inherited)",
				);
				GCC_PREPROCESSOR_DEFINITIONS = (
					"DEBUG=1",
					"$(inherited)",
				);
				INFOPLIST_FILE = howOldIsMyDogTests/Info.plist;
				LD_RUNPATH_SEARCH_PATHS = "$(inherited) @executable_path/Frameworks @loader_path/Frameworks";
				PRODUCT_NAME = "$(TARGET_NAME)";
				TEST_HOST = "$(BUILT_PRODUCTS_DIR)/howOldIsMyDog.app/howOldIsMyDog";
			};
			name = Debug;
		};
		A32E41D81A1523560007E13F /* Release */ = {
			isa = XCBuildConfiguration;
			buildSettings = {
				BUNDLE_LOADER = "$(TEST_HOST)";
				FRAMEWORK_SEARCH_PATHS = (
					"$(SDKROOT)/Developer/Library/Frameworks",
					"$(inherited)",
				);
				INFOPLIST_FILE = howOldIsMyDogTests/Info.plist;
				LD_RUNPATH_SEARCH_PATHS = "$(inherited) @executable_path/Frameworks @loader_path/Frameworks";
				PRODUCT_NAME = "$(TARGET_NAME)";
				TEST_HOST = "$(BUILT_PRODUCTS_DIR)/howOldIsMyDog.app/howOldIsMyDog";
			};
			name = Release;
		};
/* End XCBuildConfiguration section */

/* Begin XCConfigurationList section */
		A32E41AF1A1523560007E13F /* Build configuration list for PBXProject "howOldIsMyDog" */ = {
			isa = XCConfigurationList;
			buildConfigurations = (
				A32E41D11A1523560007E13F /* Debug */,
				A32E41D21A1523560007E13F /* Release */,
			);
			defaultConfigurationIsVisible = 0;
			defaultConfigurationName = Release;
		};
		A32E41D31A1523560007E13F /* Build configuration list for PBXNativeTarget "howOldIsMyDog" */ = {
			isa = XCConfigurationList;
			buildConfigurations = (
				A32E41D41A1523560007E13F /* Debug */,
				A32E41D51A1523560007E13F /* Release */,
			);
			defaultConfigurationIsVisible = 0;
		};
		A32E41D61A1523560007E13F /* Build configuration list for PBXNativeTarget "howOldIsMyDogTests" */ = {
			isa = XCConfigurationList;
			buildConfigurations = (
				A32E41D71A1523560007E13F /* Debug */,
				A32E41D81A1523560007E13F /* Release */,
			);
			defaultConfigurationIsVisible = 0;
		};
/* End XCConfigurationList section */
	};
	rootObject = A32E41AC1A1523560007E13F /* Project object */;
}
